
Microsoft Visual Studio Solution File, Format Version 12.00
# Visual Studio Version 17
VisualStudioVersion = 17.5.002.0
MinimumVisualStudioVersion = 10.0.40219.1
Project("{9A19103F-16F7-4668-BE54-9A1E7A4F7556}") = "ControleDeVersaoComGit", "ControleDeVersaoComGit.csproj", "{65454CF0-5AE2-471B-BEF2-5D97D6CF30B4}"
EndProject
Global
	GlobalSection(SolutionConfigurationPlatforms) = preSolution
		Debug|Any CPU = Debug|Any CPU
		Release|Any CPU = Release|Any CPU
	EndGlobalSection
	GlobalSection(ProjectConfigurationPlatforms) = postSolution
		{65454CF0-5AE2-471B-BEF2-5D97D6CF30B4}.Debug|Any CPU.ActiveCfg = Debug|Any CPU
		{65454CF0-5AE2-471B-BEF2-5D97D6CF30B4}.Debug|Any CPU.Build.0 = Debug|Any CPU
		{65454CF0-5AE2-471B-BEF2-5D97D6CF30B4}.Release|Any CPU.ActiveCfg = Release|Any CPU
		{65454CF0-5AE2-471B-BEF2-5D97D6CF30B4}.Release|Any CPU.Build.0 = Release|Any CPU
	EndGlobalSection
	GlobalSection(SolutionProperties) = preSolution
		HideSolutionNode = FALSE
	EndGlobalSection
	GlobalSection(ExtensibilityGlobals) = postSolution
		SolutionGuid = {F8F424DE-95E4-4610-A2C9-BFEDC3BDFD5C}
	EndGlobalSection
EndGlobal
